// !$*UTF8*$!
{
	archiveVersion = 1;
	classes = {
	};
	objectVersion = 52;
	objects = {

/* Begin PBXBuildFile section */
		3CDCF1A6268EF082001A0D6A /* ReviewsProductCell.swift in Sources */ = {isa = PBXBuildFile; fileRef = 3CDCF1A2268EF082001A0D6A /* ReviewsProductCell.swift */; };
		3CDCF1A7268EF082001A0D6A /* RecommendReviewsProductCell.swift in Sources */ = {isa = PBXBuildFile; fileRef = 3CDCF1A3268EF082001A0D6A /* RecommendReviewsProductCell.swift */; };
		3CDCF1A8268EF082001A0D6A /* RecommendMoreButtonCell.swift in Sources */ = {isa = PBXBuildFile; fileRef = 3CDCF1A4268EF082001A0D6A /* RecommendMoreButtonCell.swift */; };
		3CDCF1A9268EF082001A0D6A /* RecommendProductListCell.swift in Sources */ = {isa = PBXBuildFile; fileRef = 3CDCF1A5268EF082001A0D6A /* RecommendProductListCell.swift */; };
		3CDCF1AB268EF088001A0D6A /* RecommendationVC.swift in Sources */ = {isa = PBXBuildFile; fileRef = 3CDCF1AA268EF088001A0D6A /* RecommendationVC.swift */; };
		3CFF478F2686BA33000B15BA /* AppDelegate.swift in Sources */ = {isa = PBXBuildFile; fileRef = 3CFF478E2686BA33000B15BA /* AppDelegate.swift */; };
		3CFF47912686BA33000B15BA /* SceneDelegate.swift in Sources */ = {isa = PBXBuildFile; fileRef = 3CFF47902686BA33000B15BA /* SceneDelegate.swift */; };
		3CFF47932686BA33000B15BA /* ViewController.swift in Sources */ = {isa = PBXBuildFile; fileRef = 3CFF47922686BA33000B15BA /* ViewController.swift */; };
		3CFF47982686BA34000B15BA /* Assets.xcassets in Resources */ = {isa = PBXBuildFile; fileRef = 3CFF47972686BA34000B15BA /* Assets.xcassets */; };
		3CFF479B2686BA34000B15BA /* LaunchScreen.storyboard in Resources */ = {isa = PBXBuildFile; fileRef = 3CFF47992686BA34000B15BA /* LaunchScreen.storyboard */; };
		3CFF47A6268C5ABF000B15BA /* RecommendTableViewCell.swift in Sources */ = {isa = PBXBuildFile; fileRef = 3CFF47A5268C5ABF000B15BA /* RecommendTableViewCell.swift */; };
		3CFF47A9268C5B35000B15BA /* SnapKit in Frameworks */ = {isa = PBXBuildFile; productRef = 3CFF47A8268C5B35000B15BA /* SnapKit */; };
/* End PBXBuildFile section */

/* Begin PBXFileReference section */
		3CDCF1A2268EF082001A0D6A /* ReviewsProductCell.swift */ = {isa = PBXFileReference; fileEncoding = 4; lastKnownFileType = sourcecode.swift; name = ReviewsProductCell.swift; path = "../../../../martkurly-ios/martkurly/martkurly/Recommend/View/ReviewsProductCell.swift"; sourceTree = "<group>"; };
		3CDCF1A3268EF082001A0D6A /* RecommendReviewsProductCell.swift */ = {isa = PBXFileReference; fileEncoding = 4; lastKnownFileType = sourcecode.swift; name = RecommendReviewsProductCell.swift; path = "../../../../martkurly-ios/martkurly/martkurly/Recommend/View/RecommendReviewsProductCell.swift"; sourceTree = "<group>"; };
		3CDCF1A4268EF082001A0D6A /* RecommendMoreButtonCell.swift */ = {isa = PBXFileReference; fileEncoding = 4; lastKnownFileType = sourcecode.swift; name = RecommendMoreButtonCell.swift; path = "../../../../martkurly-ios/martkurly/martkurly/Recommend/View/RecommendMoreButtonCell.swift"; sourceTree = "<group>"; };
		3CDCF1A5268EF082001A0D6A /* RecommendProductListCell.swift */ = {isa = PBXFileReference; fileEncoding = 4; lastKnownFileType = sourcecode.swift; name = RecommendProductListCell.swift; path = "../../../../martkurly-ios/martkurly/martkurly/Recommend/View/RecommendProductListCell.swift"; sourceTree = "<group>"; };
		3CDCF1AA268EF088001A0D6A /* RecommendationVC.swift */ = {isa = PBXFileReference; fileEncoding = 4; lastKnownFileType = sourcecode.swift; name = RecommendationVC.swift; path = "../../../../martkurly-ios/martkurly/martkurly/Recommend/Controller/RecommendationVC.swift"; sourceTree = "<group>"; };
		3CFF478B2686BA33000B15BA /* DreamKurly.app */ = {isa = PBXFileReference; explicitFileType = wrapper.application; includeInIndex = 0; path = DreamKurly.app; sourceTree = BUILT_PRODUCTS_DIR; };
		3CFF478E2686BA33000B15BA /* AppDelegate.swift */ = {isa = PBXFileReference; lastKnownFileType = sourcecode.swift; path = AppDelegate.swift; sourceTree = "<group>"; };
		3CFF47902686BA33000B15BA /* SceneDelegate.swift */ = {isa = PBXFileReference; lastKnownFileType = sourcecode.swift; path = SceneDelegate.swift; sourceTree = "<group>"; };
		3CFF47922686BA33000B15BA /* ViewController.swift */ = {isa = PBXFileReference; lastKnownFileType = sourcecode.swift; path = ViewController.swift; sourceTree = "<group>"; };
		3CFF47972686BA34000B15BA /* Assets.xcassets */ = {isa = PBXFileReference; lastKnownFileType = folder.assetcatalog; path = Assets.xcassets; sourceTree = "<group>"; };
		3CFF479A2686BA34000B15BA /* Base */ = {isa = PBXFileReference; lastKnownFileType = file.storyboard; name = Base; path = Base.lproj/LaunchScreen.storyboard; sourceTree = "<group>"; };
		3CFF479C2686BA34000B15BA /* Info.plist */ = {isa = PBXFileReference; lastKnownFileType = text.plist.xml; path = Info.plist; sourceTree = "<group>"; };
		3CFF47A5268C5ABF000B15BA /* RecommendTableViewCell.swift */ = {isa = PBXFileReference; lastKnownFileType = sourcecode.swift; path = RecommendTableViewCell.swift; sourceTree = "<group>"; };
/* End PBXFileReference section */

/* Begin PBXFrameworksBuildPhase section */
		3CFF47882686BA33000B15BA /* Frameworks */ = {
			isa = PBXFrameworksBuildPhase;
			buildActionMask = 2147483647;
			files = (
				3CFF47A9268C5B35000B15BA /* SnapKit in Frameworks */,
			);
			runOnlyForDeploymentPostprocessing = 0;
		};
/* End PBXFrameworksBuildPhase section */

/* Begin PBXGroup section */
		3CFF47822686BA33000B15BA = {
			isa = PBXGroup;
			children = (
				3CFF478D2686BA33000B15BA /* DreamKurly */,
				3CFF478C2686BA33000B15BA /* Products */,
			);
			sourceTree = "<group>";
		};
		3CFF478C2686BA33000B15BA /* Products */ = {
			isa = PBXGroup;
			children = (
				3CFF478B2686BA33000B15BA /* DreamKurly.app */,
			);
			name = Products;
			sourceTree = "<group>";
		};
		3CFF478D2686BA33000B15BA /* DreamKurly */ = {
			isa = PBXGroup;
			children = (
				3CFF47A4268C5A83000B15BA /* Models */,
				3CFF47A3268C5A7C000B15BA /* Views */,
				3CFF47A2268C5A71000B15BA /* Controllers */,
				3CFF478E2686BA33000B15BA /* AppDelegate.swift */,
				3CFF47902686BA33000B15BA /* SceneDelegate.swift */,
				3CFF47972686BA34000B15BA /* Assets.xcassets */,
				3CFF47992686BA34000B15BA /* LaunchScreen.storyboard */,
				3CFF479C2686BA34000B15BA /* Info.plist */,
			);
			path = DreamKurly;
			sourceTree = "<group>";
		};
		3CFF47A2268C5A71000B15BA /* Controllers */ = {
			isa = PBXGroup;
			children = (
				3CDCF1AA268EF088001A0D6A /* RecommendationVC.swift */,
				3CFF47922686BA33000B15BA /* ViewController.swift */,
			);
			path = Controllers;
			sourceTree = "<group>";
		};
		3CFF47A3268C5A7C000B15BA /* Views */ = {
			isa = PBXGroup;
			children = (
				3CDCF1A4268EF082001A0D6A /* RecommendMoreButtonCell.swift */,
				3CDCF1A5268EF082001A0D6A /* RecommendProductListCell.swift */,
				3CDCF1A3268EF082001A0D6A /* RecommendReviewsProductCell.swift */,
				3CDCF1A2268EF082001A0D6A /* ReviewsProductCell.swift */,
				3CFF47A5268C5ABF000B15BA /* RecommendTableViewCell.swift */,
			);
			path = Views;
			sourceTree = "<group>";
		};
		3CFF47A4268C5A83000B15BA /* Models */ = {
			isa = PBXGroup;
			children = (
			);
			path = Models;
			sourceTree = "<group>";
		};
/* End PBXGroup section */

/* Begin PBXNativeTarget section */
		3CFF478A2686BA33000B15BA /* DreamKurly */ = {
			isa = PBXNativeTarget;
			buildConfigurationList = 3CFF479F2686BA34000B15BA /* Build configuration list for PBXNativeTarget "DreamKurly" */;
			buildPhases = (
				3CFF47872686BA33000B15BA /* Sources */,
				3CFF47882686BA33000B15BA /* Frameworks */,
				3CFF47892686BA33000B15BA /* Resources */,
			);
			buildRules = (
			);
			dependencies = (
			);
			name = DreamKurly;
			packageProductDependencies = (
				3CFF47A8268C5B35000B15BA /* SnapKit */,
			);
			productName = DreamKurly;
			productReference = 3CFF478B2686BA33000B15BA /* DreamKurly.app */;
			productType = "com.apple.product-type.application";
		};
/* End PBXNativeTarget section */

/* Begin PBXProject section */
		3CFF47832686BA33000B15BA /* Project object */ = {
			isa = PBXProject;
			attributes = {
				LastSwiftUpdateCheck = 1250;
				LastUpgradeCheck = 1250;
				TargetAttributes = {
					3CFF478A2686BA33000B15BA = {
						CreatedOnToolsVersion = 12.5.1;
					};
				};
			};
			buildConfigurationList = 3CFF47862686BA33000B15BA /* Build configuration list for PBXProject "DreamKurly" */;
			compatibilityVersion = "Xcode 9.3";
			developmentRegion = en;
			hasScannedForEncodings = 0;
			knownRegions = (
				en,
				Base,
			);
			mainGroup = 3CFF47822686BA33000B15BA;
			packageReferences = (
				3CFF47A7268C5B35000B15BA /* XCRemoteSwiftPackageReference "SnapKit" */,
			);
			productRefGroup = 3CFF478C2686BA33000B15BA /* Products */;
			projectDirPath = "";
			projectRoot = "";
			targets = (
				3CFF478A2686BA33000B15BA /* DreamKurly */,
			);
		};
/* End PBXProject section */

/* Begin PBXResourcesBuildPhase section */
		3CFF47892686BA33000B15BA /* Resources */ = {
			isa = PBXResourcesBuildPhase;
			buildActionMask = 2147483647;
			files = (
				3CFF479B2686BA34000B15BA /* LaunchScreen.storyboard in Resources */,
				3CFF47982686BA34000B15BA /* Assets.xcassets in Resources */,
			);
			runOnlyForDeploymentPostprocessing = 0;
		};
/* End PBXResourcesBuildPhase section */

/* Begin PBXSourcesBuildPhase section */
		3CFF47872686BA33000B15BA /* Sources */ = {
			isa = PBXSourcesBuildPhase;
			buildActionMask = 2147483647;
			files = (
				3CDCF1A9268EF082001A0D6A /* RecommendProductListCell.swift in Sources */,
				3CDCF1A7268EF082001A0D6A /* RecommendReviewsProductCell.swift in Sources */,
				3CDCF1A6268EF082001A0D6A /* ReviewsProductCell.swift in Sources */,
				3CFF47A6268C5ABF000B15BA /* RecommendTableViewCell.swift in Sources */,
				3CDCF1A8268EF082001A0D6A /* RecommendMoreButtonCell.swift in Sources */,
				3CFF47932686BA33000B15BA /* ViewController.swift in Sources */,
				3CFF478F2686BA33000B15BA /* AppDelegate.swift in Sources */,
				3CFF47912686BA33000B15BA /* SceneDelegate.swift in Sources */,
				3CDCF1AB268EF088001A0D6A /* RecommendationVC.swift in Sources */,
			);
			runOnlyForDeploymentPostprocessing = 0;
		};
/* End PBXSourcesBuildPhase section */

/* Begin PBXVariantGroup section */
		3CFF47992686BA34000B15BA /* LaunchScreen.storyboard */ = {
			isa = PBXVariantGroup;
			children = (
				3CFF479A2686BA34000B15BA /* Base */,
			);
			name = LaunchScreen.storyboard;
			sourceTree = "<group>";
		};
/* End PBXVariantGroup section */

/* Begin XCBuildConfiguration section */
		3CFF479D2686BA34000B15BA /* Debug */ = {
			isa = XCBuildConfiguration;
			buildSettings = {
				ALWAYS_SEARCH_USER_PATHS = NO;
				CLANG_ANALYZER_NONNULL = YES;
				CLANG_ANALYZER_NUMBER_OBJECT_CONVERSION = YES_AGGRESSIVE;
				CLANG_CXX_LANGUAGE_STANDARD = "gnu++14";
				CLANG_CXX_LIBRARY = "libc++";
				CLANG_ENABLE_MODULES = YES;
				CLANG_ENABLE_OBJC_ARC = YES;
				CLANG_ENABLE_OBJC_WEAK = YES;
				CLANG_WARN_BLOCK_CAPTURE_AUTORELEASING = YES;
				CLANG_WARN_BOOL_CONVERSION = YES;
				CLANG_WARN_COMMA = YES;
				CLANG_WARN_CONSTANT_CONVERSION = YES;
				CLANG_WARN_DEPRECATED_OBJC_IMPLEMENTATIONS = YES;
				CLANG_WARN_DIRECT_OBJC_ISA_USAGE = YES_ERROR;
				CLANG_WARN_DOCUMENTATION_COMMENTS = YES;
				CLANG_WARN_EMPTY_BODY = YES;
				CLANG_WARN_ENUM_CONVERSION = YES;
				CLANG_WARN_INFINITE_RECURSION = YES;
				CLANG_WARN_INT_CONVERSION = YES;
				CLANG_WARN_NON_LITERAL_NULL_CONVERSION = YES;
				CLANG_WARN_OBJC_IMPLICIT_RETAIN_SELF = YES;
				CLANG_WARN_OBJC_LITERAL_CONVERSION = YES;
				CLANG_WARN_OBJC_ROOT_CLASS = YES_ERROR;
				CLANG_WARN_QUOTED_INCLUDE_IN_FRAMEWORK_HEADER = YES;
				CLANG_WARN_RANGE_LOOP_ANALYSIS = YES;
				CLANG_WARN_STRICT_PROTOTYPES = YES;
				CLANG_WARN_SUSPICIOUS_MOVE = YES;
				CLANG_WARN_UNGUARDED_AVAILABILITY = YES_AGGRESSIVE;
				CLANG_WARN_UNREACHABLE_CODE = YES;
				CLANG_WARN__DUPLICATE_METHOD_MATCH = YES;
				COPY_PHASE_STRIP = NO;
				DEBUG_INFORMATION_FORMAT = dwarf;
				ENABLE_STRICT_OBJC_MSGSEND = YES;
				ENABLE_TESTABILITY = YES;
				GCC_C_LANGUAGE_STANDARD = gnu11;
				GCC_DYNAMIC_NO_PIC = NO;
				GCC_NO_COMMON_BLOCKS = YES;
				GCC_OPTIMIZATION_LEVEL = 0;
				GCC_PREPROCESSOR_DEFINITIONS = (
					"DEBUG=1",
					"$(inherited)",
				);
				GCC_WARN_64_TO_32_BIT_CONVERSION = YES;
				GCC_WARN_ABOUT_RETURN_TYPE = YES_ERROR;
				GCC_WARN_UNDECLARED_SELECTOR = YES;
				GCC_WARN_UNINITIALIZED_AUTOS = YES_AGGRESSIVE;
				GCC_WARN_UNUSED_FUNCTION = YES;
				GCC_WARN_UNUSED_VARIABLE = YES;
				IPHONEOS_DEPLOYMENT_TARGET = 14.5;
				MTL_ENABLE_DEBUG_INFO = INCLUDE_SOURCE;
				MTL_FAST_MATH = YES;
				ONLY_ACTIVE_ARCH = YES;
				SDKROOT = iphoneos;
				SWIFT_ACTIVE_COMPILATION_CONDITIONS = DEBUG;
				SWIFT_OPTIMIZATION_LEVEL = "-Onone";
			};
			name = Debug;
		};
		3CFF479E2686BA34000B15BA /* Release */ = {
			isa = XCBuildConfiguration;
			buildSettings = {
				ALWAYS_SEARCH_USER_PATHS = NO;
				CLANG_ANALYZER_NONNULL = YES;
				CLANG_ANALYZER_NUMBER_OBJECT_CONVERSION = YES_AGGRESSIVE;
				CLANG_CXX_LANGUAGE_STANDARD = "gnu++14";
				CLANG_CXX_LIBRARY = "libc++";
				CLANG_ENABLE_MODULES = YES;
				CLANG_ENABLE_OBJC_ARC = YES;
				CLANG_ENABLE_OBJC_WEAK = YES;
				CLANG_WARN_BLOCK_CAPTURE_AUTORELEASING = YES;
				CLANG_WARN_BOOL_CONVERSION = YES;
				CLANG_WARN_COMMA = YES;
				CLANG_WARN_CONSTANT_CONVERSION = YES;
				CLANG_WARN_DEPRECATED_OBJC_IMPLEMENTATIONS = YES;
				CLANG_WARN_DIRECT_OBJC_ISA_USAGE = YES_ERROR;
				CLANG_WARN_DOCUMENTATION_COMMENTS = YES;
				CLANG_WARN_EMPTY_BODY = YES;
				CLANG_WARN_ENUM_CONVERSION = YES;
				CLANG_WARN_INFINITE_RECURSION = YES;
				CLANG_WARN_INT_CONVERSION = YES;
				CLANG_WARN_NON_LITERAL_NULL_CONVERSION = YES;
				CLANG_WARN_OBJC_IMPLICIT_RETAIN_SELF = YES;
				CLANG_WARN_OBJC_LITERAL_CONVERSION = YES;
				CLANG_WARN_OBJC_ROOT_CLASS = YES_ERROR;
				CLANG_WARN_QUOTED_INCLUDE_IN_FRAMEWORK_HEADER = YES;
				CLANG_WARN_RANGE_LOOP_ANALYSIS = YES;
				CLANG_WARN_STRICT_PROTOTYPES = YES;
				CLANG_WARN_SUSPICIOUS_MOVE = YES;
				CLANG_WARN_UNGUARDED_AVAILABILITY = YES_AGGRESSIVE;
				CLANG_WARN_UNREACHABLE_CODE = YES;
				CLANG_WARN__DUPLICATE_METHOD_MATCH = YES;
				COPY_PHASE_STRIP = NO;
				DEBUG_INFORMATION_FORMAT = "dwarf-with-dsym";
				ENABLE_NS_ASSERTIONS = NO;
				ENABLE_STRICT_OBJC_MSGSEND = YES;
				GCC_C_LANGUAGE_STANDARD = gnu11;
				GCC_NO_COMMON_BLOCKS = YES;
				GCC_WARN_64_TO_32_BIT_CONVERSION = YES;
				GCC_WARN_ABOUT_RETURN_TYPE = YES_ERROR;
				GCC_WARN_UNDECLARED_SELECTOR = YES;
				GCC_WARN_UNINITIALIZED_AUTOS = YES_AGGRESSIVE;
				GCC_WARN_UNUSED_FUNCTION = YES;
				GCC_WARN_UNUSED_VARIABLE = YES;
				IPHONEOS_DEPLOYMENT_TARGET = 14.5;
				MTL_ENABLE_DEBUG_INFO = NO;
				MTL_FAST_MATH = YES;
				SDKROOT = iphoneos;
				SWIFT_COMPILATION_MODE = wholemodule;
				SWIFT_OPTIMIZATION_LEVEL = "-O";
				VALIDATE_PRODUCT = YES;
			};
			name = Release;
		};
		3CFF47A02686BA34000B15BA /* Debug */ = {
			isa = XCBuildConfiguration;
			buildSettings = {
				ASSETCATALOG_COMPILER_APPICON_NAME = AppIcon;
				ASSETCATALOG_COMPILER_GLOBAL_ACCENT_COLOR_NAME = AccentColor;
				CODE_SIGN_STYLE = Automatic;
				DEVELOPMENT_TEAM = Z5M4ZXWCX6;
				INFOPLIST_FILE = DreamKurly/Info.plist;
				LD_RUNPATH_SEARCH_PATHS = (
					"$(inherited)",
					"@executable_path/Frameworks",
				);
				PRODUCT_BUNDLE_IDENTIFIER = com.gmail.wnsgk830.DreamKurly;
				PRODUCT_NAME = "$(TARGET_NAME)";
				SWIFT_VERSION = 5.0;
				TARGETED_DEVICE_FAMILY = "1,2";
			};
			name = Debug;
		};
		3CFF47A12686BA34000B15BA /* Release */ = {
			isa = XCBuildConfiguration;
			buildSettings = {
				ASSETCATALOG_COMPILER_APPICON_NAME = AppIcon;
				ASSETCATALOG_COMPILER_GLOBAL_ACCENT_COLOR_NAME = AccentColor;
				CODE_SIGN_STYLE = Automatic;
				DEVELOPMENT_TEAM = Z5M4ZXWCX6;
				INFOPLIST_FILE = DreamKurly/Info.plist;
				LD_RUNPATH_SEARCH_PATHS = (
					"$(inherited)",
					"@executable_path/Frameworks",
				);
				PRODUCT_BUNDLE_IDENTIFIER = com.gmail.wnsgk830.DreamKurly;
				PRODUCT_NAME = "$(TARGET_NAME)";
				SWIFT_VERSION = 5.0;
				TARGETED_DEVICE_FAMILY = "1,2";
			};
			name = Release;
		};
/* End XCBuildConfiguration section */

/* Begin XCConfigurationList section */
		3CFF47862686BA33000B15BA /* Build configuration list for PBXProject "DreamKurly" */ = {
			isa = XCConfigurationList;
			buildConfigurations = (
				3CFF479D2686BA34000B15BA /* Debug */,
				3CFF479E2686BA34000B15BA /* Release */,
			);
			defaultConfigurationIsVisible = 0;
			defaultConfigurationName = Release;
		};
		3CFF479F2686BA34000B15BA /* Build configuration list for PBXNativeTarget "DreamKurly" */ = {
			isa = XCConfigurationList;
			buildConfigurations = (
				3CFF47A02686BA34000B15BA /* Debug */,
				3CFF47A12686BA34000B15BA /* Release */,
			);
			defaultConfigurationIsVisible = 0;
			defaultConfigurationName = Release;
		};
/* End XCConfigurationList section */

/* Begin XCRemoteSwiftPackageReference section */
		3CFF47A7268C5B35000B15BA /* XCRemoteSwiftPackageReference "SnapKit" */ = {
			isa = XCRemoteSwiftPackageReference;
			repositoryURL = "https://github.com/SnapKit/SnapKit.git";
			requirement = {
				kind = upToNextMajorVersion;
				minimumVersion = 5.0.1;
			};
		};
/* End XCRemoteSwiftPackageReference section */

/* Begin XCSwiftPackageProductDependency section */
		3CFF47A8268C5B35000B15BA /* SnapKit */ = {
			isa = XCSwiftPackageProductDependency;
			package = 3CFF47A7268C5B35000B15BA /* XCRemoteSwiftPackageReference "SnapKit" */;
			productName = SnapKit;
		};
/* End XCSwiftPackageProductDependency section */
	};
	rootObject = 3CFF47832686BA33000B15BA /* Project object */;
}
